
Microsoft Visual Studio Solution File, Format Version 12.00
# Visual Studio 2012
Project("{FAE04EC0-301F-11D3-BF4B-00C04F79EFBC}") = "OpenCad.Core", "OpenCad.Core\OpenCad.Core.csproj", "{ACD5631C-CAF2-4352-AD3B-32BBCAF0FC63}"
EndProject
Project("{FAE04EC0-301F-11D3-BF4B-00C04F79EFBC}") = "OpenCAD.GUI", "OpenCAD.GUI\OpenCAD.GUI.csproj", "{9F3DCE2A-3858-4870-BFB8-A8BF3C351859}"
EndProject
Project("{FAE04EC0-301F-11D3-BF4B-00C04F79EFBC}") = "OpenCAD.Test", "OpenCAD.Test\OpenCAD.Test.csproj", "{946DFC5C-E6B8-4082-AAE4-A7558396EF51}"
EndProject
Global
	GlobalSection(SolutionConfigurationPlatforms) = preSolution
		Debug|Any CPU = Debug|Any CPU
		Release|Any CPU = Release|Any CPU
	EndGlobalSection
	GlobalSection(ProjectConfigurationPlatforms) = postSolution
		{ACD5631C-CAF2-4352-AD3B-32BBCAF0FC63}.Debug|Any CPU.ActiveCfg = Debug|Any CPU
		{ACD5631C-CAF2-4352-AD3B-32BBCAF0FC63}.Debug|Any CPU.Build.0 = Debug|Any CPU
		{ACD5631C-CAF2-4352-AD3B-32BBCAF0FC63}.Release|Any CPU.ActiveCfg = Release|Any CPU
		{ACD5631C-CAF2-4352-AD3B-32BBCAF0FC63}.Release|Any CPU.Build.0 = Release|Any CPU
		{9F3DCE2A-3858-4870-BFB8-A8BF3C351859}.Debug|Any CPU.ActiveCfg = Debug|Any CPU
		{9F3DCE2A-3858-4870-BFB8-A8BF3C351859}.Debug|Any CPU.Build.0 = Debug|Any CPU
		{9F3DCE2A-3858-4870-BFB8-A8BF3C351859}.Release|Any CPU.ActiveCfg = Release|Any CPU
		{9F3DCE2A-3858-4870-BFB8-A8BF3C351859}.Release|Any CPU.Build.0 = Release|Any CPU
		{946DFC5C-E6B8-4082-AAE4-A7558396EF51}.Debug|Any CPU.ActiveCfg = Debug|Any CPU
		{946DFC5C-E6B8-4082-AAE4-A7558396EF51}.Debug|Any CPU.Build.0 = Debug|Any CPU
		{946DFC5C-E6B8-4082-AAE4-A7558396EF51}.Release|Any CPU.ActiveCfg = Release|Any CPU
		{946DFC5C-E6B8-4082-AAE4-A7558396EF51}.Release|Any CPU.Build.0 = Release|Any CPU
	EndGlobalSection
	GlobalSection(SolutionProperties) = preSolution
		HideSolutionNode = FALSE
	EndGlobalSection
EndGlobal
